
Microsoft Visual Studio Solution File, Format Version 12.00
# Visual Studio 15
VisualStudioVersion = 15.0.27703.2042
MinimumVisualStudioVersion = 10.0.40219.1
Project("{FAE04EC0-301F-11D3-BF4B-00C04F79EFBC}") = "FormValidation", "FormValidation\FormValidation.csproj", "{AA138B44-CF0E-4475-8F9D-22498EFD9A24}"
EndProject
Global
	GlobalSection(SolutionConfigurationPlatforms) = preSolution
		Debug|Any CPU = Debug|Any CPU
		Release|Any CPU = Release|Any CPU
	EndGlobalSection
	GlobalSection(ProjectConfigurationPlatforms) = postSolution
		{AA138B44-CF0E-4475-8F9D-22498EFD9A24}.Debug|Any CPU.ActiveCfg = Debug|Any CPU
		{AA138B44-CF0E-4475-8F9D-22498EFD9A24}.Debug|Any CPU.Build.0 = Debug|Any CPU
		{AA138B44-CF0E-4475-8F9D-22498EFD9A24}.Release|Any CPU.ActiveCfg = Release|Any CPU
		{AA138B44-CF0E-4475-8F9D-22498EFD9A24}.Release|Any CPU.Build.0 = Release|Any CPU
	EndGlobalSection
	GlobalSection(SolutionProperties) = preSolution
		HideSolutionNode = FALSE
	EndGlobalSection
	GlobalSection(ExtensibilityGlobals) = postSolution
		SolutionGuid = {A5AB3A27-CBAD-4B91-9F9F-6C0EEA133C3E}
	EndGlobalSection
EndGlobal
